
Microsoft Visual Studio Solution File, Format Version 12.00
# Visual Studio 2012
Project("{FAE04EC0-301F-11D3-BF4B-00C04F79EFBC}") = "TestApp", "TestApp\TestApp.csproj", "{67E4A2D0-5FC2-490D-BFD5-5CA0BF5044EF}"
EndProject
Global
	GlobalSection(SolutionConfigurationPlatforms) = preSolution
		Debug|Any CPU = Debug|Any CPU
		Release|Any CPU = Release|Any CPU
	EndGlobalSection
	GlobalSection(ProjectConfigurationPlatforms) = postSolution
		{67E4A2D0-5FC2-490D-BFD5-5CA0BF5044EF}.Debug|Any CPU.ActiveCfg = Debug|Any CPU
		{67E4A2D0-5FC2-490D-BFD5-5CA0BF5044EF}.Debug|Any CPU.Build.0 = Debug|Any CPU
		{67E4A2D0-5FC2-490D-BFD5-5CA0BF5044EF}.Release|Any CPU.ActiveCfg = Release|Any CPU
		{67E4A2D0-5FC2-490D-BFD5-5CA0BF5044EF}.Release|Any CPU.Build.0 = Release|Any CPU
	EndGlobalSection
	GlobalSection(SolutionProperties) = preSolution
		HideSolutionNode = FALSE
	EndGlobalSection
EndGlobal
